
Microsoft Visual Studio Solution File, Format Version 12.00
# Visual Studio Version 17
VisualStudioVersion = 17.5.33516.290
MinimumVisualStudioVersion = 10.0.40219.1
Project("{FAE04EC0-301F-11D3-BF4B-00C04F79EFBC}") = "Drive", "Drive.csproj", "{55191086-51BD-42F0-A3CD-AEA15442372D}"
EndProject
Global
	GlobalSection(SolutionConfigurationPlatforms) = preSolution
		Debug|Any CPU = Debug|Any CPU
		Release|Any CPU = Release|Any CPU
	EndGlobalSection
	GlobalSection(ProjectConfigurationPlatforms) = postSolution
		{55191086-51BD-42F0-A3CD-AEA15442372D}.Debug|Any CPU.ActiveCfg = Debug|Any CPU
		{55191086-51BD-42F0-A3CD-AEA15442372D}.Debug|Any CPU.Build.0 = Debug|Any CPU
		{55191086-51BD-42F0-A3CD-AEA15442372D}.Release|Any CPU.ActiveCfg = Release|Any CPU
		{55191086-51BD-42F0-A3CD-AEA15442372D}.Release|Any CPU.Build.0 = Release|Any CPU
	EndGlobalSection
	GlobalSection(SolutionProperties) = preSolution
		HideSolutionNode = FALSE
	EndGlobalSection
	GlobalSection(ExtensibilityGlobals) = postSolution
		SolutionGuid = {C128D4AE-1383-4BC1-A2D8-7DDFF4FB675E}
	EndGlobalSection
EndGlobal
